# THIS IS AN AUTOGENERATED FILE. DO NOT EDIT THIS FILE DIRECTLY.
# yarn lockfile v1


"impac-angular@git+https://git@github.com/maestrano/impac-angular.git#1.6":
  version "1.6.9"
  resolved "git+https://git@github.com/maestrano/impac-angular.git#cea0e7f31c55db77f2ba9fed57d163968d776e8c"

"mno-enterprise-angular@git+https://git@github.com/maestrano/mno-enterprise-angular.git#2.0":
  version "2.0.0-dev"
  resolved "git+https://git@github.com/maestrano/mno-enterprise-angular.git#fe660fa04ba1f01b12966485f083031e963b3169"

"mnoe-admin-panel@git+https://git@github.com/ouranos/mnoe-admin-panel.git#feature/952-read-only-actions":
  version "2.0.0-dev"
  resolved "git+https://git@github.com/ouranos/mnoe-admin-panel.git#fd089168d0b1adcc40064ef28550cb8410838065"
