# THIS IS AN AUTOGENERATED FILE. DO NOT EDIT THIS FILE DIRECTLY.
# yarn lockfile v1


"impac-angular@git+https://git@github.com/maestrano/impac-angular.git#staging":
  version "1.6.9"
  resolved "git+https://git@github.com/maestrano/impac-angular.git#d3aa50dbe1688de4523cffb889b73d3fac519b02"

"mno-enterprise-angular@git+https://git@github.com/maestrano/mno-enterprise-angular.git#2.0":
  version "2.0.0-dev"
  resolved "git+https://git@github.com/maestrano/mno-enterprise-angular.git#1ca715b0527de3a04774915214806bca9e808faa"

"mnoe-admin-panel@git+https://git@github.com/MAhsenArif/mnoe-admin-panel.git#markup_with_original_price":
  version "2.0.0-dev"
  resolved "git+https://git@github.com/MAhsenArif/mnoe-admin-panel.git#a74743d5a6a0001d57e72bdf741c8cd97748c71a"
