# THIS IS AN AUTOGENERATED FILE. DO NOT EDIT THIS FILE DIRECTLY.
# yarn lockfile v1


"impac-angular@git+https://git@github.com/maestrano/impac-angular.git#1.6":
  version "1.6.9"
  resolved "git+https://git@github.com/maestrano/impac-angular.git#cea0e7f31c55db77f2ba9fed57d163968d776e8c"

"mno-enterprise-angular@https://github.com/iseessel/mno-enterprise-angular.git#feature/353-json-schema-conditional-fields":
  version "2.0.0-dev"
  resolved "https://github.com/iseessel/mno-enterprise-angular.git#12e3fc02692eaba3b4fcbc40c88149d53b446c0f"

"mnoe-admin-panel@git+https://git@github.com/iseessel/mnoe-admin-panel.git#feature/353-json-schema-conditional-fields":
  version "2.0.0-dev"
  resolved "git+https://git@github.com/iseessel/mnoe-admin-panel.git#f1a1444ecaf0251453f7a20ed759dd2ac67a815a"
